// !$*UTF8*$!
{
	archiveVersion = 1;
	classes = {
	};
	objectVersion = 50;
	objects = {

/* Begin PBXBuildFile section */
		ADC1E6C82774025C0021CD01 /* BBPlayerView.podspec in Resources */ = {isa = PBXBuildFile; fileRef = ADC1E6C72774025C0021CD01 /* BBPlayerView.podspec */; };
		EA4B2131269062F800C3C59E /* AppDelegate.m in Sources */ = {isa = PBXBuildFile; fileRef = EA4B2130269062F800C3C59E /* AppDelegate.m */; };
		EA4B213C269062FC00C3C59E /* Assets.xcassets in Resources */ = {isa = PBXBuildFile; fileRef = EA4B213B269062FC00C3C59E /* Assets.xcassets */; };
		EA4B213F269062FC00C3C59E /* LaunchScreen.storyboard in Resources */ = {isa = PBXBuildFile; fileRef = EA4B213D269062FC00C3C59E /* LaunchScreen.storyboard */; };
		EA4B2142269062FC00C3C59E /* main.m in Sources */ = {isa = PBXBuildFile; fileRef = EA4B2141269062FC00C3C59E /* main.m */; };
		EA4B214B2690639800C3C59E /* RootViewController.m in Sources */ = {isa = PBXBuildFile; fileRef = EA4B21492690639800C3C59E /* RootViewController.m */; };
		EA4B214C2690639800C3C59E /* RootViewController.xib in Resources */ = {isa = PBXBuildFile; fileRef = EA4B214A2690639800C3C59E /* RootViewController.xib */; };
		EA4B2152269065F500C3C59E /* BBPlayerView.m in Sources */ = {isa = PBXBuildFile; fileRef = EA4B214F269065F500C3C59E /* BBPlayerView.m */; };
		EA4B2153269065F500C3C59E /* BBPlayerViewCellManager.m in Sources */ = {isa = PBXBuildFile; fileRef = EA4B2150269065F500C3C59E /* BBPlayerViewCellManager.m */; };
		EA4B21592690664900C3C59E /* SingleVideoViewController.m in Sources */ = {isa = PBXBuildFile; fileRef = EA4B21572690664900C3C59E /* SingleVideoViewController.m */; };
		EA4B215A2690664900C3C59E /* SingleVideoViewController.xib in Resources */ = {isa = PBXBuildFile; fileRef = EA4B21582690664900C3C59E /* SingleVideoViewController.xib */; };
		EA4B21612690665B00C3C59E /* VideoTableViewCell.m in Sources */ = {isa = PBXBuildFile; fileRef = EA4B215B2690665B00C3C59E /* VideoTableViewCell.m */; };
		EA4B21622690665B00C3C59E /* VideoTableViewCell.xib in Resources */ = {isa = PBXBuildFile; fileRef = EA4B215C2690665B00C3C59E /* VideoTableViewCell.xib */; };
		EA4B21632690665B00C3C59E /* MultiVideoViewController.xib in Resources */ = {isa = PBXBuildFile; fileRef = EA4B215D2690665B00C3C59E /* MultiVideoViewController.xib */; };
		EA4B21642690665B00C3C59E /* MultiVideoViewController.m in Sources */ = {isa = PBXBuildFile; fileRef = EA4B215E2690665B00C3C59E /* MultiVideoViewController.m */; };
/* End PBXBuildFile section */

/* Begin PBXFileReference section */
		ADC1E6C72774025C0021CD01 /* BBPlayerView.podspec */ = {isa = PBXFileReference; lastKnownFileType = text; path = BBPlayerView.podspec; sourceTree = SOURCE_ROOT; };
		EA4B212C269062F800C3C59E /* BBPlayerView.app */ = {isa = PBXFileReference; explicitFileType = wrapper.application; includeInIndex = 0; path = BBPlayerView.app; sourceTree = BUILT_PRODUCTS_DIR; };
		EA4B212F269062F800C3C59E /* AppDelegate.h */ = {isa = PBXFileReference; lastKnownFileType = sourcecode.c.h; path = AppDelegate.h; sourceTree = "<group>"; };
		EA4B2130269062F800C3C59E /* AppDelegate.m */ = {isa = PBXFileReference; lastKnownFileType = sourcecode.c.objc; path = AppDelegate.m; sourceTree = "<group>"; };
		EA4B213B269062FC00C3C59E /* Assets.xcassets */ = {isa = PBXFileReference; lastKnownFileType = folder.assetcatalog; path = Assets.xcassets; sourceTree = "<group>"; };
		EA4B213E269062FC00C3C59E /* Base */ = {isa = PBXFileReference; lastKnownFileType = file.storyboard; name = Base; path = Base.lproj/LaunchScreen.storyboard; sourceTree = "<group>"; };
		EA4B2140269062FC00C3C59E /* Info.plist */ = {isa = PBXFileReference; lastKnownFileType = text.plist.xml; path = Info.plist; sourceTree = "<group>"; };
		EA4B2141269062FC00C3C59E /* main.m */ = {isa = PBXFileReference; lastKnownFileType = sourcecode.c.objc; path = main.m; sourceTree = "<group>"; };
		EA4B21482690639800C3C59E /* RootViewController.h */ = {isa = PBXFileReference; lastKnownFileType = sourcecode.c.h; path = RootViewController.h; sourceTree = "<group>"; };
		EA4B21492690639800C3C59E /* RootViewController.m */ = {isa = PBXFileReference; lastKnownFileType = sourcecode.c.objc; path = RootViewController.m; sourceTree = "<group>"; };
		EA4B214A2690639800C3C59E /* RootViewController.xib */ = {isa = PBXFileReference; lastKnownFileType = file.xib; path = RootViewController.xib; sourceTree = "<group>"; };
		EA4B214E269065F500C3C59E /* BBPlayerView.h */ = {isa = PBXFileReference; fileEncoding = 4; lastKnownFileType = sourcecode.c.h; path = BBPlayerView.h; sourceTree = "<group>"; };
		EA4B214F269065F500C3C59E /* BBPlayerView.m */ = {isa = PBXFileReference; fileEncoding = 4; lastKnownFileType = sourcecode.c.objc; path = BBPlayerView.m; sourceTree = "<group>"; };
		EA4B2150269065F500C3C59E /* BBPlayerViewCellManager.m */ = {isa = PBXFileReference; fileEncoding = 4; lastKnownFileType = sourcecode.c.objc; path = BBPlayerViewCellManager.m; sourceTree = "<group>"; };
		EA4B2151269065F500C3C59E /* BBPlayerViewCellManager.h */ = {isa = PBXFileReference; fileEncoding = 4; lastKnownFileType = sourcecode.c.h; path = BBPlayerViewCellManager.h; sourceTree = "<group>"; };
		EA4B21562690664900C3C59E /* SingleVideoViewController.h */ = {isa = PBXFileReference; fileEncoding = 4; lastKnownFileType = sourcecode.c.h; path = SingleVideoViewController.h; sourceTree = "<group>"; };
		EA4B21572690664900C3C59E /* SingleVideoViewController.m */ = {isa = PBXFileReference; fileEncoding = 4; lastKnownFileType = sourcecode.c.objc; path = SingleVideoViewController.m; sourceTree = "<group>"; };
		EA4B21582690664900C3C59E /* SingleVideoViewController.xib */ = {isa = PBXFileReference; fileEncoding = 4; lastKnownFileType = file.xib; path = SingleVideoViewController.xib; sourceTree = "<group>"; };
		EA4B215B2690665B00C3C59E /* VideoTableViewCell.m */ = {isa = PBXFileReference; fileEncoding = 4; lastKnownFileType = sourcecode.c.objc; path = VideoTableViewCell.m; sourceTree = "<group>"; };
		EA4B215C2690665B00C3C59E /* VideoTableViewCell.xib */ = {isa = PBXFileReference; fileEncoding = 4; lastKnownFileType = file.xib; path = VideoTableViewCell.xib; sourceTree = "<group>"; };
		EA4B215D2690665B00C3C59E /* MultiVideoViewController.xib */ = {isa = PBXFileReference; fileEncoding = 4; lastKnownFileType = file.xib; path = MultiVideoViewController.xib; sourceTree = "<group>"; };
		EA4B215E2690665B00C3C59E /* MultiVideoViewController.m */ = {isa = PBXFileReference; fileEncoding = 4; lastKnownFileType = sourcecode.c.objc; path = MultiVideoViewController.m; sourceTree = "<group>"; };
		EA4B215F2690665B00C3C59E /* MultiVideoViewController.h */ = {isa = PBXFileReference; fileEncoding = 4; lastKnownFileType = sourcecode.c.h; path = MultiVideoViewController.h; sourceTree = "<group>"; };
		EA4B21602690665B00C3C59E /* VideoTableViewCell.h */ = {isa = PBXFileReference; fileEncoding = 4; lastKnownFileType = sourcecode.c.h; path = VideoTableViewCell.h; sourceTree = "<group>"; };
/* End PBXFileReference section */

/* Begin PBXFrameworksBuildPhase section */
		EA4B2129269062F800C3C59E /* Frameworks */ = {
			isa = PBXFrameworksBuildPhase;
			buildActionMask = 2147483647;
			files = (
			);
			runOnlyForDeploymentPostprocessing = 0;
		};
/* End PBXFrameworksBuildPhase section */

/* Begin PBXGroup section */
		EA4B2123269062F800C3C59E = {
			isa = PBXGroup;
			children = (
				EA4B212E269062F800C3C59E /* BBPlayerView */,
				EA4B212D269062F800C3C59E /* Products */,
			);
			sourceTree = "<group>";
		};
		EA4B212D269062F800C3C59E /* Products */ = {
			isa = PBXGroup;
			children = (
				EA4B212C269062F800C3C59E /* BBPlayerView.app */,
			);
			name = Products;
			sourceTree = "<group>";
		};
		EA4B212E269062F800C3C59E /* BBPlayerView */ = {
			isa = PBXGroup;
			children = (
				EA4B214D269065CD00C3C59E /* Source Files */,
				EA4B21542690662300C3C59E /* Single Video */,
				EA4B21552690663800C3C59E /* Video List */,
				EA4B212F269062F800C3C59E /* AppDelegate.h */,
				EA4B2130269062F800C3C59E /* AppDelegate.m */,
				EA4B21482690639800C3C59E /* RootViewController.h */,
				EA4B21492690639800C3C59E /* RootViewController.m */,
				EA4B214A2690639800C3C59E /* RootViewController.xib */,
				EA4B213B269062FC00C3C59E /* Assets.xcassets */,
				EA4B213D269062FC00C3C59E /* LaunchScreen.storyboard */,
				ADC1E6C72774025C0021CD01 /* BBPlayerView.podspec */,
				EA4B2140269062FC00C3C59E /* Info.plist */,
				EA4B2141269062FC00C3C59E /* main.m */,
			);
			path = BBPlayerView;
			sourceTree = "<group>";
		};
		EA4B214D269065CD00C3C59E /* Source Files */ = {
			isa = PBXGroup;
			children = (
				EA4B214E269065F500C3C59E /* BBPlayerView.h */,
				EA4B214F269065F500C3C59E /* BBPlayerView.m */,
				EA4B2151269065F500C3C59E /* BBPlayerViewCellManager.h */,
				EA4B2150269065F500C3C59E /* BBPlayerViewCellManager.m */,
			);
			path = "Source Files";
			sourceTree = "<group>";
		};
		EA4B21542690662300C3C59E /* Single Video */ = {
			isa = PBXGroup;
			children = (
				EA4B21562690664900C3C59E /* SingleVideoViewController.h */,
				EA4B21572690664900C3C59E /* SingleVideoViewController.m */,
				EA4B21582690664900C3C59E /* SingleVideoViewController.xib */,
			);
			path = "Single Video";
			sourceTree = "<group>";
		};
		EA4B21552690663800C3C59E /* Video List */ = {
			isa = PBXGroup;
			children = (
				EA4B215F2690665B00C3C59E /* MultiVideoViewController.h */,
				EA4B215E2690665B00C3C59E /* MultiVideoViewController.m */,
				EA4B215D2690665B00C3C59E /* MultiVideoViewController.xib */,
				EA4B21602690665B00C3C59E /* VideoTableViewCell.h */,
				EA4B215B2690665B00C3C59E /* VideoTableViewCell.m */,
				EA4B215C2690665B00C3C59E /* VideoTableViewCell.xib */,
			);
			path = "Video List";
			sourceTree = "<group>";
		};
/* End PBXGroup section */

/* Begin PBXNativeTarget section */
		EA4B212B269062F800C3C59E /* BBPlayerView */ = {
			isa = PBXNativeTarget;
			buildConfigurationList = EA4B2145269062FC00C3C59E /* Build configuration list for PBXNativeTarget "BBPlayerView" */;
			buildPhases = (
				EA4B2128269062F800C3C59E /* Sources */,
				EA4B2129269062F800C3C59E /* Frameworks */,
				EA4B212A269062F800C3C59E /* Resources */,
			);
			buildRules = (
			);
			dependencies = (
			);
			name = BBPlayerView;
			productName = BBPlayerView;
			productReference = EA4B212C269062F800C3C59E /* BBPlayerView.app */;
			productType = "com.apple.product-type.application";
		};
/* End PBXNativeTarget section */

/* Begin PBXProject section */
		EA4B2124269062F800C3C59E /* Project object */ = {
			isa = PBXProject;
			attributes = {
				LastUpgradeCheck = 1250;
				TargetAttributes = {
					EA4B212B269062F800C3C59E = {
						CreatedOnToolsVersion = 12.5.1;
					};
				};
			};
			buildConfigurationList = EA4B2127269062F800C3C59E /* Build configuration list for PBXProject "BBPlayerView" */;
			compatibilityVersion = "Xcode 9.3";
			developmentRegion = en;
			hasScannedForEncodings = 0;
			knownRegions = (
				en,
				Base,
			);
			mainGroup = EA4B2123269062F800C3C59E;
			productRefGroup = EA4B212D269062F800C3C59E /* Products */;
			projectDirPath = "";
			projectRoot = "";
			targets = (
				EA4B212B269062F800C3C59E /* BBPlayerView */,
			);
		};
/* End PBXProject section */

/* Begin PBXResourcesBuildPhase section */
		EA4B212A269062F800C3C59E /* Resources */ = {
			isa = PBXResourcesBuildPhase;
			buildActionMask = 2147483647;
			files = (
				EA4B213F269062FC00C3C59E /* LaunchScreen.storyboard in Resources */,
				EA4B213C269062FC00C3C59E /* Assets.xcassets in Resources */,
				EA4B215A2690664900C3C59E /* SingleVideoViewController.xib in Resources */,
				EA4B21622690665B00C3C59E /* VideoTableViewCell.xib in Resources */,
				EA4B21632690665B00C3C59E /* MultiVideoViewController.xib in Resources */,
				EA4B214C2690639800C3C59E /* RootViewController.xib in Resources */,
				ADC1E6C82774025C0021CD01 /* BBPlayerView.podspec in Resources */,
			);
			runOnlyForDeploymentPostprocessing = 0;
		};
/* End PBXResourcesBuildPhase section */

/* Begin PBXSourcesBuildPhase section */
		EA4B2128269062F800C3C59E /* Sources */ = {
			isa = PBXSourcesBuildPhase;
			buildActionMask = 2147483647;
			files = (
				EA4B21612690665B00C3C59E /* VideoTableViewCell.m in Sources */,
				EA4B2131269062F800C3C59E /* AppDelegate.m in Sources */,
				EA4B2153269065F500C3C59E /* BBPlayerViewCellManager.m in Sources */,
				EA4B21592690664900C3C59E /* SingleVideoViewController.m in Sources */,
				EA4B2152269065F500C3C59E /* BBPlayerView.m in Sources */,
				EA4B2142269062FC00C3C59E /* main.m in Sources */,
				EA4B21642690665B00C3C59E /* MultiVideoViewController.m in Sources */,
				EA4B214B2690639800C3C59E /* RootViewController.m in Sources */,
			);
			runOnlyForDeploymentPostprocessing = 0;
		};
/* End PBXSourcesBuildPhase section */

/* Begin PBXVariantGroup section */
		EA4B213D269062FC00C3C59E /* LaunchScreen.storyboard */ = {
			isa = PBXVariantGroup;
			children = (
				EA4B213E269062FC00C3C59E /* Base */,
			);
			name = LaunchScreen.storyboard;
			sourceTree = "<group>";
		};
/* End PBXVariantGroup section */

/* Begin XCBuildConfiguration section */
		EA4B2143269062FC00C3C59E /* Debug */ = {
			isa = XCBuildConfiguration;
			buildSettings = {
				ALWAYS_SEARCH_USER_PATHS = NO;
				CLANG_ANALYZER_NONNULL = YES;
				CLANG_ANALYZER_NUMBER_OBJECT_CONVERSION = YES_AGGRESSIVE;
				CLANG_CXX_LANGUAGE_STANDARD = "gnu++14";
				CLANG_CXX_LIBRARY = "libc++";
				CLANG_ENABLE_MODULES = YES;
				CLANG_ENABLE_OBJC_ARC = YES;
				CLANG_ENABLE_OBJC_WEAK = YES;
				CLANG_WARN_BLOCK_CAPTURE_AUTORELEASING = YES;
				CLANG_WARN_BOOL_CONVERSION = YES;
				CLANG_WARN_COMMA = YES;
				CLANG_WARN_CONSTANT_CONVERSION = YES;
				CLANG_WARN_DEPRECATED_OBJC_IMPLEMENTATIONS = YES;
				CLANG_WARN_DIRECT_OBJC_ISA_USAGE = YES_ERROR;
				CLANG_WARN_DOCUMENTATION_COMMENTS = YES;
				CLANG_WARN_EMPTY_BODY = YES;
				CLANG_WARN_ENUM_CONVERSION = YES;
				CLANG_WARN_INFINITE_RECURSION = YES;
				CLANG_WARN_INT_CONVERSION = YES;
				CLANG_WARN_NON_LITERAL_NULL_CONVERSION = YES;
				CLANG_WARN_OBJC_IMPLICIT_RETAIN_SELF = YES;
				CLANG_WARN_OBJC_LITERAL_CONVERSION = YES;
				CLANG_WARN_OBJC_ROOT_CLASS = YES_ERROR;
				CLANG_WARN_QUOTED_INCLUDE_IN_FRAMEWORK_HEADER = YES;
				CLANG_WARN_RANGE_LOOP_ANALYSIS = YES;
				CLANG_WARN_STRICT_PROTOTYPES = YES;
				CLANG_WARN_SUSPICIOUS_MOVE = YES;
				CLANG_WARN_UNGUARDED_AVAILABILITY = YES_AGGRESSIVE;
				CLANG_WARN_UNREACHABLE_CODE = YES;
				CLANG_WARN__DUPLICATE_METHOD_MATCH = YES;
				COPY_PHASE_STRIP = NO;
				DEBUG_INFORMATION_FORMAT = dwarf;
				ENABLE_STRICT_OBJC_MSGSEND = YES;
				ENABLE_TESTABILITY = YES;
				GCC_C_LANGUAGE_STANDARD = gnu11;
				GCC_DYNAMIC_NO_PIC = NO;
				GCC_NO_COMMON_BLOCKS = YES;
				GCC_OPTIMIZATION_LEVEL = 0;
				GCC_PREPROCESSOR_DEFINITIONS = (
					"DEBUG=1",
					"$(inherited)",
				);
				GCC_WARN_64_TO_32_BIT_CONVERSION = YES;
				GCC_WARN_ABOUT_RETURN_TYPE = YES_ERROR;
				GCC_WARN_UNDECLARED_SELECTOR = YES;
				GCC_WARN_UNINITIALIZED_AUTOS = YES_AGGRESSIVE;
				GCC_WARN_UNUSED_FUNCTION = YES;
				GCC_WARN_UNUSED_VARIABLE = YES;
				IPHONEOS_DEPLOYMENT_TARGET = 11.0;
				MTL_ENABLE_DEBUG_INFO = INCLUDE_SOURCE;
				MTL_FAST_MATH = YES;
				ONLY_ACTIVE_ARCH = YES;
				SDKROOT = iphoneos;
			};
			name = Debug;
		};
		EA4B2144269062FC00C3C59E /* Release */ = {
			isa = XCBuildConfiguration;
			buildSettings = {
				ALWAYS_SEARCH_USER_PATHS = NO;
				CLANG_ANALYZER_NONNULL = YES;
				CLANG_ANALYZER_NUMBER_OBJECT_CONVERSION = YES_AGGRESSIVE;
				CLANG_CXX_LANGUAGE_STANDARD = "gnu++14";
				CLANG_CXX_LIBRARY = "libc++";
				CLANG_ENABLE_MODULES = YES;
				CLANG_ENABLE_OBJC_ARC = YES;
				CLANG_ENABLE_OBJC_WEAK = YES;
				CLANG_WARN_BLOCK_CAPTURE_AUTORELEASING = YES;
				CLANG_WARN_BOOL_CONVERSION = YES;
				CLANG_WARN_COMMA = YES;
				CLANG_WARN_CONSTANT_CONVERSION = YES;
				CLANG_WARN_DEPRECATED_OBJC_IMPLEMENTATIONS = YES;
				CLANG_WARN_DIRECT_OBJC_ISA_USAGE = YES_ERROR;
				CLANG_WARN_DOCUMENTATION_COMMENTS = YES;
				CLANG_WARN_EMPTY_BODY = YES;
				CLANG_WARN_ENUM_CONVERSION = YES;
				CLANG_WARN_INFINITE_RECURSION = YES;
				CLANG_WARN_INT_CONVERSION = YES;
				CLANG_WARN_NON_LITERAL_NULL_CONVERSION = YES;
				CLANG_WARN_OBJC_IMPLICIT_RETAIN_SELF = YES;
				CLANG_WARN_OBJC_LITERAL_CONVERSION = YES;
				CLANG_WARN_OBJC_ROOT_CLASS = YES_ERROR;
				CLANG_WARN_QUOTED_INCLUDE_IN_FRAMEWORK_HEADER = YES;
				CLANG_WARN_RANGE_LOOP_ANALYSIS = YES;
				CLANG_WARN_STRICT_PROTOTYPES = YES;
				CLANG_WARN_SUSPICIOUS_MOVE = YES;
				CLANG_WARN_UNGUARDED_AVAILABILITY = YES_AGGRESSIVE;
				CLANG_WARN_UNREACHABLE_CODE = YES;
				CLANG_WARN__DUPLICATE_METHOD_MATCH = YES;
				COPY_PHASE_STRIP = NO;
				DEBUG_INFORMATION_FORMAT = "dwarf-with-dsym";
				ENABLE_NS_ASSERTIONS = NO;
				ENABLE_STRICT_OBJC_MSGSEND = YES;
				GCC_C_LANGUAGE_STANDARD = gnu11;
				GCC_NO_COMMON_BLOCKS = YES;
				GCC_WARN_64_TO_32_BIT_CONVERSION = YES;
				GCC_WARN_ABOUT_RETURN_TYPE = YES_ERROR;
				GCC_WARN_UNDECLARED_SELECTOR = YES;
				GCC_WARN_UNINITIALIZED_AUTOS = YES_AGGRESSIVE;
				GCC_WARN_UNUSED_FUNCTION = YES;
				GCC_WARN_UNUSED_VARIABLE = YES;
				IPHONEOS_DEPLOYMENT_TARGET = 11.0;
				MTL_ENABLE_DEBUG_INFO = NO;
				MTL_FAST_MATH = YES;
				SDKROOT = iphoneos;
				VALIDATE_PRODUCT = YES;
			};
			name = Release;
		};
		EA4B2146269062FC00C3C59E /* Debug */ = {
			isa = XCBuildConfiguration;
			buildSettings = {
				ASSETCATALOG_COMPILER_APPICON_NAME = AppIcon;
				ASSETCATALOG_COMPILER_GLOBAL_ACCENT_COLOR_NAME = AccentColor;
				CODE_SIGN_STYLE = Automatic;
				DEVELOPMENT_TEAM = R46WHR2U3X;
				INFOPLIST_FILE = BBPlayerView/Info.plist;
				IPHONEOS_DEPLOYMENT_TARGET = 11.0;
				LD_RUNPATH_SEARCH_PATHS = (
					"$(inherited)",
					"@executable_path/Frameworks",
				);
				PRODUCT_BUNDLE_IDENTIFIER = com.beizhu.BBPlayerView;
				PRODUCT_NAME = "$(TARGET_NAME)";
				TARGETED_DEVICE_FAMILY = "1,2";
			};
			name = Debug;
		};
		EA4B2147269062FC00C3C59E /* Release */ = {
			isa = XCBuildConfiguration;
			buildSettings = {
				ASSETCATALOG_COMPILER_APPICON_NAME = AppIcon;
				ASSETCATALOG_COMPILER_GLOBAL_ACCENT_COLOR_NAME = AccentColor;
				CODE_SIGN_STYLE = Automatic;
				DEVELOPMENT_TEAM = R46WHR2U3X;
				INFOPLIST_FILE = BBPlayerView/Info.plist;
				IPHONEOS_DEPLOYMENT_TARGET = 11.0;
				LD_RUNPATH_SEARCH_PATHS = (
					"$(inherited)",
					"@executable_path/Frameworks",
				);
				PRODUCT_BUNDLE_IDENTIFIER = com.beizhu.BBPlayerView;
				PRODUCT_NAME = "$(TARGET_NAME)";
				TARGETED_DEVICE_FAMILY = "1,2";
			};
			name = Release;
		};
/* End XCBuildConfiguration section */

/* Begin XCConfigurationList section */
		EA4B2127269062F800C3C59E /* Build configuration list for PBXProject "BBPlayerView" */ = {
			isa = XCConfigurationList;
			buildConfigurations = (
				EA4B2143269062FC00C3C59E /* Debug */,
				EA4B2144269062FC00C3C59E /* Release */,
			);
			defaultConfigurationIsVisible = 0;
			defaultConfigurationName = Release;
		};
		EA4B2145269062FC00C3C59E /* Build configuration list for PBXNativeTarget "BBPlayerView" */ = {
			isa = XCConfigurationList;
			buildConfigurations = (
				EA4B2146269062FC00C3C59E /* Debug */,
				EA4B2147269062FC00C3C59E /* Release */,
			);
			defaultConfigurationIsVisible = 0;
			defaultConfigurationName = Release;
		};
/* End XCConfigurationList section */
	};
	rootObject = EA4B2124269062F800C3C59E /* Project object */;
}
